{
  "version": "3",
  "redirects": {
    "https://deno.land/x/denoliver/mod.ts": "https://deno.land/x/denoliver@2.3.1/mod.ts",
    "https://esm.sh/micromark-extension-directive@3": "https://esm.sh/micromark-extension-directive@3.0.0",
    "https://esm.sh/micromark-extension-directive@3?bundle": "https://esm.sh/micromark-extension-directive@3.0.0?bundle",
    "https://esm.sh/micromark-extension-gfm@3": "https://esm.sh/micromark-extension-gfm@3.0.0",
    "https://esm.sh/micromark-extension-gfm@3?bundle": "https://esm.sh/micromark-extension-gfm@3.0.0?bundle",
    "https://esm.sh/micromark@3": "https://esm.sh/micromark@3.2.0"
  },
  "remote": {
    "https://deno.land/std@0.194.0/async/debounce.ts": "adab11d04ca38d699444ac8a9d9856b4155e8dda2afd07ce78276c01ea5a4332",
    "https://deno.land/std@0.202.0/yaml/_dumper/dumper.ts": "717403d0e700de783f2ef5c906b3d7245383e1509fc050e7ff5d4a53a03dbf40",
    "https://deno.land/std@0.202.0/yaml/_dumper/dumper_state.ts": "f0d0673ceea288334061ca34b63954c2bb5feb5bf6de5e4cfe9a942cdf6e5efe",
    "https://deno.land/std@0.202.0/yaml/_error.ts": "b59e2c76ce5a47b1b9fa0ff9f96c1dd92ea1e1b17ce4347ece5944a95c3c1a84",
    "https://deno.land/std@0.202.0/yaml/_loader/loader.ts": "63ec7f0a265dbbabc54b25a4beefff7650e205160a2d75c7d8f8363b5f84851a",
    "https://deno.land/std@0.202.0/yaml/_loader/loader_state.ts": "0841870b467169269d7c2dfa75cd288c319bc06f65edd9e42c29e5fced91c7a4",
    "https://deno.land/std@0.202.0/yaml/_mark.ts": "dcd8585dee585e024475e9f3fe27d29740670fb64ebb970388094cad0fc11d5d",
    "https://deno.land/std@0.202.0/yaml/_state.ts": "ef03d55ec235d48dcfbecc0ab3ade90bfae69a61094846e08003421c2cf5cfc6",
    "https://deno.land/std@0.202.0/yaml/_type/binary.ts": "24d49614463a7339a8a16d894919c2ec18a10588ae360ec352093b60e2cc8b0d",
    "https://deno.land/std@0.202.0/yaml/_type/bool.ts": "5bfa75da84343d45347b521ba4e5aeace9fe6f53447405290d53315a3fc20e66",
    "https://deno.land/std@0.202.0/yaml/_type/float.ts": "056bd3cb9c5586238b20517511014fb24b0e36f98f9f6073e12da308b6b9808a",
    "https://deno.land/std@0.202.0/yaml/_type/function.ts": "ff574fe84a750695302864e1c31b93f12d14ada4bde79a5f93197fc33ad17471",
    "https://deno.land/std@0.202.0/yaml/_type/int.ts": "563ad074f0fa7aecf6b6c3d84135bcc95a8269dcc15de878de20ce868fd773fa",
    "https://deno.land/std@0.202.0/yaml/_type/map.ts": "7b105e4ab03a361c61e7e335a0baf4d40f06460b13920e5af3fb2783a1464000",
    "https://deno.land/std@0.202.0/yaml/_type/merge.ts": "8192bf3e4d637f32567917f48bb276043da9cf729cf594e5ec191f7cd229337e",
    "https://deno.land/std@0.202.0/yaml/_type/mod.ts": "060e2b3d38725094b77ea3a3f05fc7e671fced8e67ca18e525be98c4aa8f4bbb",
    "https://deno.land/std@0.202.0/yaml/_type/nil.ts": "606e8f0c44d73117c81abec822f89ef81e40f712258c74f186baa1af659b8887",
    "https://deno.land/std@0.202.0/yaml/_type/omap.ts": "cfe59a294726f5cea705c39a61fd2b08199cf48f4ccd6b040cb550ec0f38d0a1",
    "https://deno.land/std@0.202.0/yaml/_type/pairs.ts": "0032fdfe57558d21696a4f8cf5b5cfd1f698743177080affc18629685c905666",
    "https://deno.land/std@0.202.0/yaml/_type/regexp.ts": "1ce118de15b2da43b4bd8e4395f42d448b731acf3bdaf7c888f40789f9a95f8b",
    "https://deno.land/std@0.202.0/yaml/_type/seq.ts": "95333abeec8a7e4d967b8c8328b269e342a4bbdd2585395549b9c4f58c8533a2",
    "https://deno.land/std@0.202.0/yaml/_type/set.ts": "f28ba44e632ef2a6eb580486fd47a460445eeddbdf1dbc739c3e62486f566092",
    "https://deno.land/std@0.202.0/yaml/_type/str.ts": "a67a3c6e429d95041399e964015511779b1130ea5889fa257c48457bd3446e31",
    "https://deno.land/std@0.202.0/yaml/_type/timestamp.ts": "706ea80a76a73e48efaeb400ace087da1f927647b53ad6f754f4e06d51af087f",
    "https://deno.land/std@0.202.0/yaml/_type/undefined.ts": "94a316ca450597ccbc6750cbd79097ad0d5f3a019797eed3c841a040c29540ba",
    "https://deno.land/std@0.202.0/yaml/_utils.ts": "26b311f0d42a7ce025060bd6320a68b50e52fd24a839581eb31734cd48e20393",
    "https://deno.land/std@0.202.0/yaml/mod.ts": "28ecda6652f3e7a7735ee29c247bfbd32a2e2fc5724068e9fd173ec4e59f66f7",
    "https://deno.land/std@0.202.0/yaml/parse.ts": "1fbbda572bf3fff578b6482c0d8b85097a38de3176bf3ab2ca70c25fb0c960ef",
    "https://deno.land/std@0.202.0/yaml/schema.ts": "96908b78dc50c340074b93fc1598d5e7e2fe59103f89ff81e5a49b2dedf77a67",
    "https://deno.land/std@0.202.0/yaml/schema/core.ts": "fa406f18ceedc87a50e28bb90ec7a4c09eebb337f94ef17468349794fa828639",
    "https://deno.land/std@0.202.0/yaml/schema/default.ts": "0047e80ae8a4a93293bc4c557ae8a546aabd46bb7165b9d9b940d57b4d88bde9",
    "https://deno.land/std@0.202.0/yaml/schema/extended.ts": "0784416bf062d20a1626b53c03380e265b3e39b9409afb9f4cb7d659fd71e60d",
    "https://deno.land/std@0.202.0/yaml/schema/failsafe.ts": "d219ab5febc43f770917d8ec37735a4b1ad671149846cbdcade767832b42b92b",
    "https://deno.land/std@0.202.0/yaml/schema/json.ts": "5f41dd7c2f1ad545ef6238633ce9ee3d444dfc5a18101e1768bd5504bf90e5e5",
    "https://deno.land/std@0.202.0/yaml/schema/mod.ts": "4472e827bab5025e92bc2eb2eeefa70ecbefc64b2799b765c69af84822efef32",
    "https://deno.land/std@0.202.0/yaml/stringify.ts": "fffc09c65c68d3d63f8159e8cbaa3f489bc20a8e55b4fbb61a8c2e9f914d1d02",
    "https://deno.land/std@0.202.0/yaml/type.ts": "1aabb8e0a3f4229ce0a3526256f68826d9bdf65a36c8a3890ead8011fcba7670",
    "https://deno.land/std@0.97.0/_util/assert.ts": "2f868145a042a11d5ad0a3c748dcf580add8a0dbc0e876eaa0026303a5488f58",
    "https://deno.land/std@0.97.0/_util/has_own_property.ts": "f5edd94ed3f3c20c517d812045deb97977e18501c9b7105b5f5c11a31893d7a2",
    "https://deno.land/std@0.97.0/_util/os.ts": "e282950a0eaa96760c0cf11e7463e66babd15ec9157d4c9ed49cc0925686f6a7",
    "https://deno.land/std@0.97.0/async/deferred.ts": "624bef4b755b71394620508a0c234a93cb8020cbd1b04bfcdad41c174392cef6",
    "https://deno.land/std@0.97.0/async/delay.ts": "9de1d8d07d1927767ab7f82434b883f3d8294fb19cad819691a2ad81a728cf3d",
    "https://deno.land/std@0.97.0/async/mod.ts": "253b41c658d768613eacfb11caa0a9ca7148442f932018a45576f7f27554c853",
    "https://deno.land/std@0.97.0/async/mux_async_iterator.ts": "c405c4c1194f7600189aa81dfe243e165c27f36eaea88a301fa2a74ce974548b",
    "https://deno.land/std@0.97.0/async/pool.ts": "353ce4f91865da203a097aa6f33de8966340c91b6f4a055611c8c5d534afd12f",
    "https://deno.land/std@0.97.0/bytes/bytes_list.ts": "a13287edb03f19d27ba4927dec6d6de3e5bd46254cd4aee6f7e5815810122673",
    "https://deno.land/std@0.97.0/bytes/mod.ts": "1ae1ccfe98c4b979f12b015982c7444f81fcb921bea7aa215bf37d84f46e1e13",
    "https://deno.land/std@0.97.0/flags/mod.ts": "0994240ad009980e46bc3bb1314e9469c7241617e4345b27afc82097fdbef841",
    "https://deno.land/std@0.97.0/fmt/colors.ts": "db22b314a2ae9430ae7460ce005e0a7130e23ae1c999157e3bb77cf55800f7e4",
    "https://deno.land/std@0.97.0/hash/sha1.ts": "1cca324b4b253885a47f121adafcfac55b4cc96113e22b338e1db26f37a730b8",
    "https://deno.land/std@0.97.0/http/_io.ts": "f4446e433d8d0009851c7de20d594746de228399c382cbee65da30eb87e70827",
    "https://deno.land/std@0.97.0/http/http_status.ts": "ebaa9bebfb8adc3d7b20c49e11037e4eefd79629ad80d81383933f4cdc91b3eb",
    "https://deno.land/std@0.97.0/http/server.ts": "39414681549353ebd0665e3df4145ee0a93a989cd0f55bed14fdb2c43d2faa3b",
    "https://deno.land/std@0.97.0/io/buffer.ts": "ed3528e299fd1e0dc056c4b5005a07b28c3dabad2595f077a562ff7b06fe89a5",
    "https://deno.land/std@0.97.0/io/bufio.ts": "61d11414e83d2b504eb8ea2fca3c2670470ee2fe2e5fe82bdd81eb55dc11ac4a",
    "https://deno.land/std@0.97.0/io/ioutil.ts": "3c6b7c8be3b8cd19746de028c40063193578612244a935dcc27be9f3ff343b0c",
    "https://deno.land/std@0.97.0/io/util.ts": "318be78b7954da25f0faffe123fef0d9423ea61af98467e860c06b60265eff6d",
    "https://deno.land/std@0.97.0/path/_constants.ts": "1247fee4a79b70c89f23499691ef169b41b6ccf01887a0abd131009c5581b853",
    "https://deno.land/std@0.97.0/path/_interface.ts": "1fa73b02aaa24867e481a48492b44f2598cd9dfa513c7b34001437007d3642e4",
    "https://deno.land/std@0.97.0/path/_util.ts": "2e06a3b9e79beaf62687196bd4b60a4c391d862cfa007a20fc3a39f778ba073b",
    "https://deno.land/std@0.97.0/path/common.ts": "eaf03d08b569e8a87e674e4e265e099f237472b6fd135b3cbeae5827035ea14a",
    "https://deno.land/std@0.97.0/path/glob.ts": "314ad9ff263b895795208cdd4d5e35a44618ca3c6dd155e226fb15d065008652",
    "https://deno.land/std@0.97.0/path/mod.ts": "4465dc494f271b02569edbb4a18d727063b5dbd6ed84283ff906260970a15d12",
    "https://deno.land/std@0.97.0/path/posix.ts": "f56c3c99feb47f30a40ce9d252ef6f00296fa7c0fcb6dd81211bdb3b8b99ca3b",
    "https://deno.land/std@0.97.0/path/separator.ts": "8fdcf289b1b76fd726a508f57d3370ca029ae6976fcde5044007f062e643ff1c",
    "https://deno.land/std@0.97.0/path/win32.ts": "77f7b3604e0de40f3a7c698e8a79e7f601dc187035a1c21cb1e596666ce112f8",
    "https://deno.land/std@0.97.0/testing/_diff.ts": "961eaf6d9f5b0a8556c9d835bbc6fa74f5addd7d3b02728ba7936ff93364f7a3",
    "https://deno.land/std@0.97.0/testing/asserts.ts": "341292d12eebc44be4c3c2ca101ba8b6b5859cef2fa69d50c217f9d0bfbcfd1f",
    "https://deno.land/std@0.97.0/textproto/mod.ts": "6e8430986393e3929720cec9c6668d75dee2ffd953886e842dc124c251cb86c8",
    "https://deno.land/std@0.97.0/ws/mod.ts": "561d12475c04ed91b109e5340ca7f2cfe0421613792586c3d8a4c825ad722f59",
    "https://deno.land/x/denoliver@2.3.1/404.ts": "d65b57e12c6e3b65cdae1f55a08aa8fbe01fa2eba757cd96a726a99637108a8c",
    "https://deno.land/x/denoliver@2.3.1/deps.ts": "5dd0751e26d69d855bd5348f28b5972c1d8b0af12b4c946ccf796affd53c5a3f",
    "https://deno.land/x/denoliver@2.3.1/directory.ts": "9378f0309aefebf69347cff6d3a7859274884f5d50bdee8cee702a096d6c7fdb",
    "https://deno.land/x/denoliver@2.3.1/mimes.ts": "6f3d8e5e09b150d03811aa9ba278e1a7bf7ff9cace8e70d3237d5db16abb7ad2",
    "https://deno.land/x/denoliver@2.3.1/mod.ts": "72e66f23626f6d8d16b2ce4aac3f1af69346febd3db98826d5a66a679d399903",
    "https://deno.land/x/denoliver@2.3.1/utils/boilerplate.ts": "376937b13b8fd95760b01794df2983548f77fc6911a2bfc1ba04ecb0006ae5cb",
    "https://deno.land/x/denoliver@2.3.1/utils/errors.ts": "be37f9af23f04b8f7471af0c80cdd73b4b457cde723fbd8fa2fe9c8d88b8f207",
    "https://deno.land/x/denoliver@2.3.1/utils/local-ip.ts": "20fdb2231da17841c39e9ce72d980eb032d364cc77b289ee3271ad5901e34659",
    "https://deno.land/x/denoliver@2.3.1/utils/utils.ts": "830e489677871536d2481de87405e4892601492de94c6d7d2a06658c1c7a4710",
    "https://deno.land/x/denopack@0.9.0/vendor/terser@5.3.0/terser.ts": "bb71c3695ff0f87c557e4a96556fa76f8b9efbaaa13d2e094c5e55a68e34008b",
    "https://esm.sh/micromark-extension-directive@3.0.0": "bd3a572342d6cd49562a8a0b3d8ac779da37a2a29bc03eb340ebf93a576490b7",
    "https://esm.sh/micromark@3.2.0": "df490d18fd4b84624109efb2753e3b2e6c860a29066949945aa794c90fb51a1e",
    "https://esm.sh/v133/character-entities-legacy@3.0.0/denonext/character-entities-legacy.mjs": "5da76ada1554e4956dc6b702ba92b56a3faf158b24bf45279c522e85f5d9cd21",
    "https://esm.sh/v133/character-entities@2.0.2/denonext/character-entities.mjs": "9e8657f056310ac3ca8058eaf96cef695ee13a4bf6c302674796a882464f305c",
    "https://esm.sh/v133/character-reference-invalid@2.0.1/denonext/character-reference-invalid.mjs": "41034e591247fb2bc6a12dd190e776b84cfe1da74e984fef3efbff2a97814d53",
    "https://esm.sh/v133/decode-named-character-reference@1.0.2/denonext/decode-named-character-reference.mjs": "3b4ca98e658070d76af130dde5eb10646025d97aba22894e5daa5ef7c2ac9f83",
    "https://esm.sh/v133/is-alphabetical@2.0.1/denonext/is-alphabetical.mjs": "d0feb3b8b248c1c89544825a12db253946e94532c3ba2df47c5ce9ed06a10242",
    "https://esm.sh/v133/is-alphanumerical@2.0.1/denonext/is-alphanumerical.mjs": "c8c5c781ee331361d80dce8604e33d6ef8d08fec738a98b2bda79579eea1ee8c",
    "https://esm.sh/v133/is-decimal@2.0.1/denonext/is-decimal.mjs": "d58375f587816fc947898747f8e6986158dec29151c185e7a510641b17668e46",
    "https://esm.sh/v133/is-hexadecimal@2.0.1/denonext/is-hexadecimal.mjs": "7e5d0abd99e5d66839f55c05df59e144465bfa47ce974815557481d53d6fd919",
    "https://esm.sh/v133/micromark-core-commonmark@1.1.0/denonext/micromark-core-commonmark.mjs": "5b794c3a702ddb0228192fa75d47c7a3e5111f35d8f68a9cd6681ff97bd70de3",
    "https://esm.sh/v133/micromark-extension-directive@3.0.0/denonext/micromark-extension-directive.mjs": "4d4dad51ce9e3cae139df0dcbb6e3c56157e98bd6dd6d237fcc84e85d0556615",
    "https://esm.sh/v133/micromark-factory-destination@1.1.0/denonext/micromark-factory-destination.mjs": "3f7289c56482a065ac3de5110206afb7838975d3bb008e7fd9908acc15add347",
    "https://esm.sh/v133/micromark-factory-label@1.1.0/denonext/micromark-factory-label.mjs": "a7da60cd255e8c5f5d77b54938930cdb40a55d1aee497c95e79d75c57fe32ae0",
    "https://esm.sh/v133/micromark-factory-space@1.1.0/denonext/micromark-factory-space.mjs": "ffe860de3de74e46dcb179e52e1f59685587cd068420b09bd9a77fdb4471d77b",
    "https://esm.sh/v133/micromark-factory-space@2.0.0/denonext/micromark-factory-space.mjs": "3e65163ae07864bcbef0ef7e45cf8ae7b41370830abdb28d6ef68787ef09cb84",
    "https://esm.sh/v133/micromark-factory-title@1.1.0/denonext/micromark-factory-title.mjs": "a47520d422c7d3d00aefc3e058d8cb49a171363e025e91cb741b444275270004",
    "https://esm.sh/v133/micromark-factory-whitespace@1.1.0/denonext/micromark-factory-whitespace.mjs": "4ad9becefc3df3a0642c21f58854d8ce025f559d1813eeaa1c7ca519ed80d9c9",
    "https://esm.sh/v133/micromark-factory-whitespace@2.0.0/denonext/micromark-factory-whitespace.mjs": "bfa939695de2ea5ed0022a44062669a0a43504bead74497c8777ec1547644d70",
    "https://esm.sh/v133/micromark-util-character@1.2.0/denonext/micromark-util-character.mjs": "be2f95646c829378e2f33d0e8b03e7e057f2387cd54f9c18c3d48a87fbc909c9",
    "https://esm.sh/v133/micromark-util-character@2.0.1/denonext/micromark-util-character.mjs": "18b451d148e1ccc3a9b18e5c4061d44a0485e8ec65ad805d20b2950a51c7213b",
    "https://esm.sh/v133/micromark-util-chunked@1.1.0/denonext/micromark-util-chunked.mjs": "896f816c52b791283f998076bcea3ff9a4bbd2bf858d96be6079400939ae8c9d",
    "https://esm.sh/v133/micromark-util-classify-character@1.1.0/denonext/micromark-util-classify-character.mjs": "6bb1cdd2609f9a2c2f84388bfeac3150615a83709683119cc31a3da548f3e28a",
    "https://esm.sh/v133/micromark-util-combine-extensions@1.1.0/denonext/micromark-util-combine-extensions.mjs": "9721a7f5be389dd79104a0f32939183d71e137a3854d685a910a60a5d16411c6",
    "https://esm.sh/v133/micromark-util-decode-numeric-character-reference@1.1.0/denonext/micromark-util-decode-numeric-character-reference.mjs": "d9d2a8fc3648db44a49c0284d088db354b39c5623e1497c4127ad103594a7948",
    "https://esm.sh/v133/micromark-util-encode@1.1.0/denonext/micromark-util-encode.mjs": "e9c399d8913ebe2b736a8259fb061740fd8ad632e7f933e27fb67f442c7e48e3",
    "https://esm.sh/v133/micromark-util-html-tag-name@1.2.0/denonext/micromark-util-html-tag-name.mjs": "81ed9b1fe3f6dd5290991b4bf39d034ddfd6cdbb4f5352ab61769e4c2eb3fbd3",
    "https://esm.sh/v133/micromark-util-normalize-identifier@1.1.0/denonext/micromark-util-normalize-identifier.mjs": "27b873a22954a139d8215b722b0a867b4f1f718cd261ea3f884f997a0d3e0e08",
    "https://esm.sh/v133/micromark-util-resolve-all@1.1.0/denonext/micromark-util-resolve-all.mjs": "ee8f55a86b2bfcc1be3d15bbd8b106755a51916ae4c75c962cc044f6b2a22d46",
    "https://esm.sh/v133/micromark-util-sanitize-uri@1.2.0/denonext/micromark-util-sanitize-uri.mjs": "0a3fea30cdae98674536247e2f1718c2d994185185be8236279804904f31bca3",
    "https://esm.sh/v133/micromark-util-subtokenize@1.1.0/denonext/micromark-util-subtokenize.mjs": "44f9cd30580a7d86c42ab2d4376a7afa241b4fc1437bf600b3be6fb58ce6c438",
    "https://esm.sh/v133/micromark@3.2.0/denonext/micromark.mjs": "43f7398b111a3a7c199c9671aeb8c95ca2a43386dc2632218964cbf72a26ffe4",
    "https://esm.sh/v133/parse-entities@4.0.1/denonext/parse-entities.mjs": "34ecbd5f3a6047973f0fc38249dfa66fa6a564f73f31fb8343ce442271fb36e7",
    "https://unpkg.com/source-map@0.7.3/dist/source-map.js": "84a912cfa28183b00fc9e6e3e017d28cbad0697133e6964e94f15be8129c95f0",
    "https://unpkg.com/terser@5.3.0/dist/bundle.min.js": "2579d2b32077d0c3f4c7f83de76aeb9c48152d79d493d570cf8968f65595d243"
  }
}
